# This file is automatically @generated by Cargo.
# It is not intended for manual editing.
version = 4

[[package]]
name = "accesskit"
version = "0.21.1"
source = "registry+https://github.com/rust-lang/crates.io-index"
checksum = "cf203f9d3bd8f29f98833d1fbef628df18f759248a547e7e01cfbf63cda36a99"

[[package]]
name = "accesskit"
version = "0.24.0"
source = "registry+https://github.com/rust-lang/crates.io-index"
checksum = "5351dcebb14b579ccab05f288596b2ae097005be7ee50a7c3d4ca9d0d5a66f6a"
dependencies = [
 "uuid",
]

[[package]]
name = "accesskit_consumer"
version = "0.30.0"
source = "registry+https://github.com/rust-lang/crates.io-index"
checksum = "ec27574c1baeb7747c802a194566b46b602461e81dc4957949580ea8da695038"
dependencies = [
 "accesskit 0.21.1",
 "hashbrown 0.15.2",
]

[[package]]
name = "accesskit_consumer"
version = "0.35.0"
source = "registry+https://github.com/rust-lang/crates.io-index"
checksum = "53cf47daed85312e763fbf85ceca136e0d7abc68e0a7e12abe11f48172bc3b10"
dependencies = [
 "accesskit 0.24.0",
 "hashbrown 0.16.1",
]

[[package]]
name = "ahash"
version = "0.8.12"
source = "registry+https://github.com/rust-lang/crates.io-index"
checksum = "5a15f179cd60c4584b8a8c596927aadc462e27f2ca70c04e0071964a73ba7a75"
dependencies = [
 "cfg-if",
 "once_cell",
 "version_check",
 "zerocopy",
]

[[package]]
name = "arrayvec"
version = "0.7.6"
source = "registry+https://github.com/rust-lang/crates.io-index"
checksum = "7c02d123df017efcdfbd739ef81735b36c5ba83ec3c59c80a9d7ecc718f92e50"

[[package]]
name = "autocfg"
version = "1.5.0"
source = "registry+https://github.com/rust-lang/crates.io-index"
checksum = "c08606f8c3cbf4ce6ec8e28fb0014a2c086708fe954eaa885384a6165172e7e8"

[[package]]
name = "bitflags"
version = "2.11.0"
source = "registry+https://github.com/rust-lang/crates.io-index"
checksum = "843867be96c8daad0d758b57df9392b6d8d271134fce549de6ce169ff98a92af"

[[package]]
name = "bytemuck"
version = "1.25.0"
source = "registry+https://github.com/rust-lang/crates.io-index"
checksum = "c8efb64bd706a16a1bdde310ae86b351e4d21550d98d056f22f8a7f7a2183fec"
dependencies = [
 "bytemuck_derive",
]

[[package]]
name = "bytemuck_derive"
version = "1.10.2"
source = "registry+https://github.com/rust-lang/crates.io-index"
checksum = "f9abbd1bc6865053c427f7198e6af43bfdedc55ab791faed4fbd361d789575ff"
dependencies = [
 "proc-macro2",
 "quote",
 "syn",
]

[[package]]
name = "cfg-if"
version = "1.0.4"
source = "registry+https://github.com/rust-lang/crates.io-index"
checksum = "9330f8b2ff13f34540b44e946ef35111825727b38d33286ef986142615121801"

[[package]]
name = "color"
version = "0.3.2"
source = "registry+https://github.com/rust-lang/crates.io-index"
checksum = "a18ef4657441fb193b65f34dc39b3781f0dfec23d3bd94d0eeb4e88cde421edb"
dependencies = [
 "bytemuck",
]

[[package]]
name = "ecolor"
version = "0.33.3"
source = "git+https://github.com/emilk/egui?branch=main#fd257b2e95972f2bfe08cbde710f248076a08ee6"
dependencies = [
 "emath",
]

[[package]]
name = "egui"
version = "0.33.3"
source = "git+https://github.com/emilk/egui?branch=main#fd257b2e95972f2bfe08cbde710f248076a08ee6"
dependencies = [
 "accesskit 0.21.1",
 "ahash",
 "bitflags",
 "emath",
 "epaint",
 "log",
 "nohash-hasher",
 "profiling",
 "smallvec",
 "unicode-segmentation",
]

[[package]]
name = "emath"
version = "0.33.3"
source = "git+https://github.com/emilk/egui?branch=main#fd257b2e95972f2bfe08cbde710f248076a08ee6"

[[package]]
name = "epaint"
version = "0.33.3"
source = "git+https://github.com/emilk/egui?branch=main#fd257b2e95972f2bfe08cbde710f248076a08ee6"
dependencies = [
 "ahash",
 "ecolor",
 "emath",
 "log",
 "nohash-hasher",
 "parking_lot",
 "profiling",
 "self_cell",
 "skrifa",
 "vello_cpu",
]

[[package]]
name = "euclid"
version = "0.22.13"
source = "registry+https://github.com/rust-lang/crates.io-index"
checksum = "df61bf483e837f88d5c2291dcf55c67be7e676b3a51acc48db3a7b163b91ed63"
dependencies = [
 "num-traits",
]

[[package]]
name = "fearless_simd"
version = "0.3.0"
source = "registry+https://github.com/rust-lang/crates.io-index"
checksum = "8fb2907d1f08b2b316b9223ced5b0e89d87028ba8deae9764741dba8ff7f3903"
dependencies = [
 "bytemuck",
]

[[package]]
name = "foldhash"
version = "0.1.4"
source = "registry+https://github.com/rust-lang/crates.io-index"
checksum = "a0d2fde1f7b3d48b8395d5f2de76c18a528bd6a9cdde438df747bfcba3e05d6f"

[[package]]
name = "foldhash"
version = "0.2.0"
source = "registry+https://github.com/rust-lang/crates.io-index"
checksum = "77ce24cb58228fbb8aa041425bb1050850ac19177686ea6e0f41a70416f56fdb"

[[package]]
name = "font-types"
version = "0.10.1"
source = "registry+https://github.com/rust-lang/crates.io-index"
checksum = "39a654f404bbcbd48ea58c617c2993ee91d1cb63727a37bf2323a4edeed1b8c5"
dependencies = [
 "bytemuck",
]

[[package]]
name = "hashbrown"
version = "0.15.2"
source = "registry+https://github.com/rust-lang/crates.io-index"
checksum = "bf151400ff0baff5465007dd2f3e717f3fe502074ca563069ce3a6629d07b289"
dependencies = [
 "foldhash 0.1.4",
]

[[package]]
name = "hashbrown"
version = "0.16.1"
source = "registry+https://github.com/rust-lang/crates.io-index"
checksum = "841d1cc9bed7f9236f321df977030373f4a4163ae1a7dbfe1a51a2c1a51d9100"
dependencies = [
 "foldhash 0.2.0",
]

[[package]]
name = "integration_example"
version = "0.1.0"
dependencies = [
 "accesskit 0.21.1",
 "egui",
 "kittest 0.3.0 (registry+https://github.com/rust-lang/crates.io-index)",
 "parking_lot",
]

[[package]]
name = "kittest"
version = "0.3.0"
dependencies = [
 "accesskit 0.24.0",
 "accesskit_consumer 0.35.0",
]

[[package]]
name = "kittest"
version = "0.3.0"
source = "registry+https://github.com/rust-lang/crates.io-index"
checksum = "01fd6dd2cce251a360101038acb9334e3a50cd38cd02fefddbf28aa975f043c8"
dependencies = [
 "accesskit 0.21.1",
 "accesskit_consumer 0.30.0",
 "parking_lot",
]

[[package]]
name = "kurbo"
version = "0.12.0"
source = "registry+https://github.com/rust-lang/crates.io-index"
checksum = "ce9729cc38c18d86123ab736fd2e7151763ba226ac2490ec092d1dd148825e32"
dependencies = [
 "arrayvec",
 "euclid",
 "smallvec",
]

[[package]]
name = "libc"
version = "0.2.182"
source = "registry+https://github.com/rust-lang/crates.io-index"
checksum = "6800badb6cb2082ffd7b6a67e6125bb39f18782f793520caee8cb8846be06112"

[[package]]
name = "linebender_resource_handle"
version = "0.1.1"
source = "registry+https://github.com/rust-lang/crates.io-index"
checksum = "d4a5ff6bcca6c4867b1c4fd4ef63e4db7436ef363e0ad7531d1558856bae64f4"

[[package]]
name = "lock_api"
version = "0.4.14"
source = "registry+https://github.com/rust-lang/crates.io-index"
checksum = "224399e74b87b5f3557511d98dff8b14089b3dadafcab6bb93eab67d3aace965"
dependencies = [
 "scopeguard",
]

[[package]]
name = "log"
version = "0.4.29"
source = "registry+https://github.com/rust-lang/crates.io-index"
checksum = "5e5032e24019045c762d3c0f28f5b6b8bbf38563a65908389bf7978758920897"

[[package]]
name = "nohash-hasher"
version = "0.2.0"
source = "registry+https://github.com/rust-lang/crates.io-index"
checksum = "2bf50223579dc7cdcfb3bfcacf7069ff68243f8c363f62ffa99cf000a6b9c451"

[[package]]
name = "num-traits"
version = "0.2.19"
source = "registry+https://github.com/rust-lang/crates.io-index"
checksum = "071dfc062690e90b734c0b2273ce72ad0ffa95f0c74596bc250dcfd960262841"
dependencies = [
 "autocfg",
]

[[package]]
name = "once_cell"
version = "1.21.3"
source = "registry+https://github.com/rust-lang/crates.io-index"
checksum = "42f5e15c9953c5e4ccceeb2e7382a716482c34515315f7b03532b8b4e8393d2d"

[[package]]
name = "parking_lot"
version = "0.12.5"
source = "registry+https://github.com/rust-lang/crates.io-index"
checksum = "93857453250e3077bd71ff98b6a65ea6621a19bb0f559a85248955ac12c45a1a"
dependencies = [
 "lock_api",
 "parking_lot_core",
]

[[package]]
name = "parking_lot_core"
version = "0.9.12"
source = "registry+https://github.com/rust-lang/crates.io-index"
checksum = "2621685985a2ebf1c516881c026032ac7deafcda1a2c9b7850dc81e3dfcb64c1"
dependencies = [
 "cfg-if",
 "libc",
 "redox_syscall",
 "smallvec",
 "windows-link",
]

[[package]]
name = "peniko"
version = "0.5.0"
source = "registry+https://github.com/rust-lang/crates.io-index"
checksum = "b3c76095c9a636173600478e0373218c7b955335048c2bcd12dc6a79657649d8"
dependencies = [
 "bytemuck",
 "color",
 "kurbo",
 "linebender_resource_handle",
 "smallvec",
]

[[package]]
name = "proc-macro2"
version = "1.0.106"
source = "registry+https://github.com/rust-lang/crates.io-index"
checksum = "8fd00f0bb2e90d81d1044c2b32617f68fcb9fa3bb7640c23e9c748e53fb30934"
dependencies = [
 "unicode-ident",
]

[[package]]
name = "profiling"
version = "1.0.17"
source = "registry+https://github.com/rust-lang/crates.io-index"
checksum = "3eb8486b569e12e2c32ad3e204dbaba5e4b5b216e9367044f25f1dba42341773"

[[package]]
name = "quote"
version = "1.0.44"
source = "registry+https://github.com/rust-lang/crates.io-index"
checksum = "21b2ebcf727b7760c461f091f9f0f539b77b8e87f2fd88131e7f1b433b3cece4"
dependencies = [
 "proc-macro2",
]

[[package]]
name = "read-fonts"
version = "0.35.0"
source = "registry+https://github.com/rust-lang/crates.io-index"
checksum = "6717cf23b488adf64b9d711329542ba34de147df262370221940dfabc2c91358"
dependencies = [
 "bytemuck",
 "font-types",
]

[[package]]
name = "redox_syscall"
version = "0.5.18"
source = "registry+https://github.com/rust-lang/crates.io-index"
checksum = "ed2bf2547551a7053d6fdfafda3f938979645c44812fbfcda098faae3f1a362d"
dependencies = [
 "bitflags",
]

[[package]]
name = "scopeguard"
version = "1.2.0"
source = "registry+https://github.com/rust-lang/crates.io-index"
checksum = "94143f37725109f92c262ed2cf5e59bce7498c01bcc1502d7b9afe439a4e9f49"

[[package]]
name = "self_cell"
version = "1.2.2"
source = "registry+https://github.com/rust-lang/crates.io-index"
checksum = "b12e76d157a900eb52e81bc6e9f3069344290341720e9178cde2407113ac8d89"

[[package]]
name = "skrifa"
version = "0.37.0"
source = "registry+https://github.com/rust-lang/crates.io-index"
checksum = "8c31071dedf532758ecf3fed987cdb4bd9509f900e026ab684b4ecb81ea49841"
dependencies = [
 "bytemuck",
 "read-fonts",
]

[[package]]
name = "smallvec"
version = "1.15.1"
source = "registry+https://github.com/rust-lang/crates.io-index"
checksum = "67b1b7a3b5fe4f1376887184045fcf45c69e92af734b7aaddc05fb777b6fbd03"

[[package]]
name = "syn"
version = "2.0.117"
source = "registry+https://github.com/rust-lang/crates.io-index"
checksum = "e665b8803e7b1d2a727f4023456bbbbe74da67099c585258af0ad9c5013b9b99"
dependencies = [
 "proc-macro2",
 "quote",
 "unicode-ident",
]

[[package]]
name = "unicode-ident"
version = "1.0.24"
source = "registry+https://github.com/rust-lang/crates.io-index"
checksum = "e6e4313cd5fcd3dad5cafa179702e2b244f760991f45397d14d4ebf38247da75"

[[package]]
name = "unicode-segmentation"
version = "1.12.0"
source = "registry+https://github.com/rust-lang/crates.io-index"
checksum = "f6ccf251212114b54433ec949fd6a7841275f9ada20dddd2f29e9ceea4501493"

[[package]]
name = "uuid"
version = "1.21.0"
source = "registry+https://github.com/rust-lang/crates.io-index"
checksum = "b672338555252d43fd2240c714dc444b8c6fb0a5c5335e65a07bba7742735ddb"

[[package]]
name = "vello_common"
version = "0.0.4"
source = "registry+https://github.com/rust-lang/crates.io-index"
checksum = "a235ba928b3109ad9e7696270edb09445a52ae1c7c08e6d31a19b1cdd6cbc24a"
dependencies = [
 "bytemuck",
 "fearless_simd",
 "log",
 "peniko",
 "skrifa",
 "smallvec",
]

[[package]]
name = "vello_cpu"
version = "0.0.4"
source = "registry+https://github.com/rust-lang/crates.io-index"
checksum = "b0bd1fcf9c1814f17a491e07113623d44e3ec1125a9f3401f5e047d6d326da21"
dependencies = [
 "bytemuck",
 "vello_common",
]

[[package]]
name = "version_check"
version = "0.9.5"
source = "registry+https://github.com/rust-lang/crates.io-index"
checksum = "0b928f33d975fc6ad9f86c8f283853ad26bdd5b10b7f1542aa2fa15e2289105a"

[[package]]
name = "windows-link"
version = "0.2.1"
source = "registry+https://github.com/rust-lang/crates.io-index"
checksum = "f0805222e57f7521d6a62e36fa9163bc891acd422f971defe97d64e70d0a4fe5"

[[package]]
name = "zerocopy"
version = "0.8.39"
source = "registry+https://github.com/rust-lang/crates.io-index"
checksum = "db6d35d663eadb6c932438e763b262fe1a70987f9ae936e60158176d710cae4a"
dependencies = [
 "zerocopy-derive",
]

[[package]]
name = "zerocopy-derive"
version = "0.8.39"
source = "registry+https://github.com/rust-lang/crates.io-index"
checksum = "4122cd3169e94605190e77839c9a40d40ed048d305bfdc146e7df40ab0f3e517"
dependencies = [
 "proc-macro2",
 "quote",
 "syn",
]
